
Microsoft Visual Studio Solution File, Format Version 12.00
# Visual Studio Version 17
VisualStudioVersion = 17.0.32126.317
MinimumVisualStudioVersion = 10.0.40219.1
Project("{FAE04EC0-301F-11D3-BF4B-00C04F79EFBC}") = "Logueo", "Logueo\Logueo.csproj", "{EC9A73BE-8C5B-4FF1-B391-771DDB2088AD}"
EndProject
Global
	GlobalSection(SolutionConfigurationPlatforms) = preSolution
		Debug|Any CPU = Debug|Any CPU
		Release|Any CPU = Release|Any CPU
	EndGlobalSection
	GlobalSection(ProjectConfigurationPlatforms) = postSolution
		{EC9A73BE-8C5B-4FF1-B391-771DDB2088AD}.Debug|Any CPU.ActiveCfg = Debug|Any CPU
		{EC9A73BE-8C5B-4FF1-B391-771DDB2088AD}.Debug|Any CPU.Build.0 = Debug|Any CPU
		{EC9A73BE-8C5B-4FF1-B391-771DDB2088AD}.Release|Any CPU.ActiveCfg = Release|Any CPU
		{EC9A73BE-8C5B-4FF1-B391-771DDB2088AD}.Release|Any CPU.Build.0 = Release|Any CPU
	EndGlobalSection
	GlobalSection(SolutionProperties) = preSolution
		HideSolutionNode = FALSE
	EndGlobalSection
	GlobalSection(ExtensibilityGlobals) = postSolution
		SolutionGuid = {D813675B-F4B5-45A7-9F76-5FB9CC9F8B92}
	EndGlobalSection
EndGlobal
